
Microsoft Visual Studio Solution File, Format Version 12.00
# Visual Studio 15
VisualStudioVersion = 15.0.28307.329
MinimumVisualStudioVersion = 10.0.40219.1
Project("{9A19103F-16F7-4668-BE54-9A1E7A4F7556}") = "Manutencao.Solicitacao.Dominio", "src\Manutencao.Solicitacao.Dominio\Manutencao.Solicitacao.Dominio.csproj", "{74A84013-1B3D-41C2-A1CA-986850F9BF48}"
EndProject
Project("{9A19103F-16F7-4668-BE54-9A1E7A4F7556}") = "Manutencao.SolicitacaoTestes", "test\Manutencao.SolicitacaoTestes\Manutencao.SolicitacaoTestes.csproj", "{CF92010D-8FA0-464E-8D7F-C5326626C94E}"
EndProject
Project("{FAE04EC0-301F-11D3-BF4B-00C04F79EFBC}") = "Manutencao.Solicitacao.Aplicacao", "src\Manutencao.Solicitacao.Aplicacao\Manutencao.Solicitacao.Aplicacao.csproj", "{E06D9C31-F37A-4D08-86F5-4264767E3DF0}"
EndProject
Project("{FAE04EC0-301F-11D3-BF4B-00C04F79EFBC}") = "Manutencao.Solicitacao.Infra.BancoDeDados", "src\Manutencao.Solicitacao.Infra.BancoDeDados\Manutencao.Solicitacao.Infra.BancoDeDados.csproj", "{DC2475C4-504F-462A-A548-67582898868C}"
EndProject
Global
	GlobalSection(SolutionConfigurationPlatforms) = preSolution
		Debug|Any CPU = Debug|Any CPU
		Release|Any CPU = Release|Any CPU
	EndGlobalSection
	GlobalSection(ProjectConfigurationPlatforms) = postSolution
		{74A84013-1B3D-41C2-A1CA-986850F9BF48}.Debug|Any CPU.ActiveCfg = Debug|Any CPU
		{74A84013-1B3D-41C2-A1CA-986850F9BF48}.Debug|Any CPU.Build.0 = Debug|Any CPU
		{74A84013-1B3D-41C2-A1CA-986850F9BF48}.Release|Any CPU.ActiveCfg = Release|Any CPU
		{74A84013-1B3D-41C2-A1CA-986850F9BF48}.Release|Any CPU.Build.0 = Release|Any CPU
		{CF92010D-8FA0-464E-8D7F-C5326626C94E}.Debug|Any CPU.ActiveCfg = Debug|Any CPU
		{CF92010D-8FA0-464E-8D7F-C5326626C94E}.Debug|Any CPU.Build.0 = Debug|Any CPU
		{CF92010D-8FA0-464E-8D7F-C5326626C94E}.Release|Any CPU.ActiveCfg = Release|Any CPU
		{CF92010D-8FA0-464E-8D7F-C5326626C94E}.Release|Any CPU.Build.0 = Release|Any CPU
		{E06D9C31-F37A-4D08-86F5-4264767E3DF0}.Debug|Any CPU.ActiveCfg = Debug|Any CPU
		{E06D9C31-F37A-4D08-86F5-4264767E3DF0}.Debug|Any CPU.Build.0 = Debug|Any CPU
		{E06D9C31-F37A-4D08-86F5-4264767E3DF0}.Release|Any CPU.ActiveCfg = Release|Any CPU
		{E06D9C31-F37A-4D08-86F5-4264767E3DF0}.Release|Any CPU.Build.0 = Release|Any CPU
		{DC2475C4-504F-462A-A548-67582898868C}.Debug|Any CPU.ActiveCfg = Debug|Any CPU
		{DC2475C4-504F-462A-A548-67582898868C}.Debug|Any CPU.Build.0 = Debug|Any CPU
		{DC2475C4-504F-462A-A548-67582898868C}.Release|Any CPU.ActiveCfg = Release|Any CPU
		{DC2475C4-504F-462A-A548-67582898868C}.Release|Any CPU.Build.0 = Release|Any CPU
	EndGlobalSection
	GlobalSection(SolutionProperties) = preSolution
		HideSolutionNode = FALSE
	EndGlobalSection
	GlobalSection(ExtensibilityGlobals) = postSolution
		SolutionGuid = {CA9E2D4D-643D-48C4-85AB-D5B1258F13F2}
	EndGlobalSection
EndGlobal
